
Microsoft Visual Studio Solution File, Format Version 12.00
# Visual Studio Version 16
VisualStudioVersion = 16.0.30413.136
MinimumVisualStudioVersion = 10.0.40219.1
Project("{FAE04EC0-301F-11D3-BF4B-00C04F79EFBC}") = "TriangleFil", "TriangleFil\TriangleFil.csproj", "{630FF6C9-FA89-4612-8942-E8C3A6D5D2ED}"
EndProject
Global
	GlobalSection(SolutionConfigurationPlatforms) = preSolution
		Debug|Any CPU = Debug|Any CPU
		Release|Any CPU = Release|Any CPU
	EndGlobalSection
	GlobalSection(ProjectConfigurationPlatforms) = postSolution
		{630FF6C9-FA89-4612-8942-E8C3A6D5D2ED}.Debug|Any CPU.ActiveCfg = Debug|Any CPU
		{630FF6C9-FA89-4612-8942-E8C3A6D5D2ED}.Debug|Any CPU.Build.0 = Debug|Any CPU
		{630FF6C9-FA89-4612-8942-E8C3A6D5D2ED}.Release|Any CPU.ActiveCfg = Release|Any CPU
		{630FF6C9-FA89-4612-8942-E8C3A6D5D2ED}.Release|Any CPU.Build.0 = Release|Any CPU
	EndGlobalSection
	GlobalSection(SolutionProperties) = preSolution
		HideSolutionNode = FALSE
	EndGlobalSection
	GlobalSection(ExtensibilityGlobals) = postSolution
		SolutionGuid = {0C00B891-76F1-47E8-9EB7-41F7BD5CD952}
	EndGlobalSection
EndGlobal
